
Microsoft Visual Studio Solution File, Format Version 12.00
# Visual Studio Version 16
VisualStudioVersion = 16.0.30204.135
MinimumVisualStudioVersion = 10.0.40219.1
Project("{FAE04EC0-301F-11D3-BF4B-00C04F79EFBC}") = "AP_17", "AP_17\AP_17.csproj", "{A9EC905A-4AA4-42B8-831E-B0B4CBA55559}"
EndProject
Global
	GlobalSection(SolutionConfigurationPlatforms) = preSolution
		Debug|Any CPU = Debug|Any CPU
		Release|Any CPU = Release|Any CPU
	EndGlobalSection
	GlobalSection(ProjectConfigurationPlatforms) = postSolution
		{A9EC905A-4AA4-42B8-831E-B0B4CBA55559}.Debug|Any CPU.ActiveCfg = Debug|Any CPU
		{A9EC905A-4AA4-42B8-831E-B0B4CBA55559}.Debug|Any CPU.Build.0 = Debug|Any CPU
		{A9EC905A-4AA4-42B8-831E-B0B4CBA55559}.Release|Any CPU.ActiveCfg = Release|Any CPU
		{A9EC905A-4AA4-42B8-831E-B0B4CBA55559}.Release|Any CPU.Build.0 = Release|Any CPU
	EndGlobalSection
	GlobalSection(SolutionProperties) = preSolution
		HideSolutionNode = FALSE
	EndGlobalSection
	GlobalSection(ExtensibilityGlobals) = postSolution
		SolutionGuid = {9C83B6A7-C05A-4C57-89CB-EBFEC6B25C1D}
	EndGlobalSection
EndGlobal
